Microsoft Visual Studio Solution File, Format Version 12.00
# Visual Studio Version 17
VisualStudioVersion = 17.0.31903.59
MinimumVisualStudioVersion = 10.0.40219.1
Project("{9A19103F-16F7-4668-BE54-9A1E7A4F7556}") = "Aikido.Zen.Core", "Aikido.Zen.Core\Aikido.Zen.Core.csproj", "{864B042D-14E5-4B78-A3A5-56C9346E59CB}"
EndProject
Project("{9A19103F-16F7-4668-BE54-9A1E7A4F7556}") = "Aikido.Zen.Tests", "Aikido.Zen.Test\Aikido.Zen.Tests.csproj", "{34D536F0-E863-41D3-B5DB-62372F25E713}"
EndProject
Project("{FAE04EC0-301F-11D3-BF4B-00C04F79EFBC}") = "Aikido.Zen.DotNetFramework", "Aikido.Zen.DotNetFramework\Aikido.Zen.DotNetFramework.csproj", "{E25D0127-765E-49E7-85E5-4B45E19499B2}"
EndProject
Project("{9A19103F-16F7-4668-BE54-9A1E7A4F7556}") = "Aikido.Zen.DotNetCore", "Aikido.Zen.DotNetCore\Aikido.Zen.DotNetCore.csproj", "{E932836E-B927-41DC-937B-3328ACE8BCC1}"
EndProject
Project("{2150E333-8FDC-42A3-9474-1A3956D46DE8}") = "Solution Items", "Solution Items", "{1FB024C6-B304-4247-ACE3-36018EF95991}"
	ProjectSection(SolutionItems) = preProject
		nuget.config = nuget.config
	EndProjectSection
EndProject
Project("{9A19103F-16F7-4668-BE54-9A1E7A4F7556}") = "Aikido.Zen.Benchmarks", "Aikido.Zen.Benchmarks\Aikido.Zen.Benchmarks.csproj", "{5979ED36-9260-43A3-95B9-7B7E859F7DDC}"
EndProject
Project("{2150E333-8FDC-42A3-9474-1A3956D46DE8}") = "sample-apps", "sample-apps", "{91FD0F83-6712-4285-B507-045BCE460908}"
EndProject
Project("{9A19103F-16F7-4668-BE54-9A1E7A4F7556}") = "DotNetCore.Sample.App", "sample-apps\DotNetCore.Sample.App\DotNetCore.Sample.App.csproj", "{4624A4BD-6482-454A-B311-F44B801C97B3}"
EndProject
Project("{FAE04EC0-301F-11D3-BF4B-00C04F79EFBC}") = "DotNetFramework.Sample.App", "sample-apps\DotNetFramework.Sample.App\DotNetFramework.Sample.App.csproj", "{2FECB1FE-D637-4E3B-806D-568CEAE234E7}"
EndProject
Global
	GlobalSection(SolutionConfigurationPlatforms) = preSolution
		Debug|Any CPU = Debug|Any CPU
		Release|Any CPU = Release|Any CPU
	EndGlobalSection
	GlobalSection(ProjectConfigurationPlatforms) = postSolution
		{864B042D-14E5-4B78-A3A5-56C9346E59CB}.Debug|Any CPU.ActiveCfg = Debug|Any CPU
		{864B042D-14E5-4B78-A3A5-56C9346E59CB}.Debug|Any CPU.Build.0 = Debug|Any CPU
		{864B042D-14E5-4B78-A3A5-56C9346E59CB}.Release|Any CPU.ActiveCfg = Release|Any CPU
		{864B042D-14E5-4B78-A3A5-56C9346E59CB}.Release|Any CPU.Build.0 = Release|Any CPU
		{34D536F0-E863-41D3-B5DB-62372F25E713}.Debug|Any CPU.ActiveCfg = Debug|Any CPU
		{34D536F0-E863-41D3-B5DB-62372F25E713}.Debug|Any CPU.Build.0 = Debug|Any CPU
		{34D536F0-E863-41D3-B5DB-62372F25E713}.Release|Any CPU.ActiveCfg = Release|Any CPU
		{34D536F0-E863-41D3-B5DB-62372F25E713}.Release|Any CPU.Build.0 = Release|Any CPU
		{E25D0127-765E-49E7-85E5-4B45E19499B2}.Debug|Any CPU.ActiveCfg = Debug|Any CPU
		{E25D0127-765E-49E7-85E5-4B45E19499B2}.Debug|Any CPU.Build.0 = Debug|Any CPU
		{E25D0127-765E-49E7-85E5-4B45E19499B2}.Release|Any CPU.ActiveCfg = Release|Any CPU
		{E25D0127-765E-49E7-85E5-4B45E19499B2}.Release|Any CPU.Build.0 = Release|Any CPU
		{E932836E-B927-41DC-937B-3328ACE8BCC1}.Debug|Any CPU.ActiveCfg = Debug|Any CPU
		{E932836E-B927-41DC-937B-3328ACE8BCC1}.Debug|Any CPU.Build.0 = Debug|Any CPU
		{E932836E-B927-41DC-937B-3328ACE8BCC1}.Release|Any CPU.ActiveCfg = Release|Any CPU
		{E932836E-B927-41DC-937B-3328ACE8BCC1}.Release|Any CPU.Build.0 = Release|Any CPU
		{5979ED36-9260-43A3-95B9-7B7E859F7DDC}.Debug|Any CPU.ActiveCfg = Debug|Any CPU
		{5979ED36-9260-43A3-95B9-7B7E859F7DDC}.Debug|Any CPU.Build.0 = Debug|Any CPU
		{5979ED36-9260-43A3-95B9-7B7E859F7DDC}.Release|Any CPU.ActiveCfg = Release|Any CPU
		{5979ED36-9260-43A3-95B9-7B7E859F7DDC}.Release|Any CPU.Build.0 = Release|Any CPU
		{4624A4BD-6482-454A-B311-F44B801C97B3}.Debug|Any CPU.ActiveCfg = Debug|Any CPU
		{4624A4BD-6482-454A-B311-F44B801C97B3}.Debug|Any CPU.Build.0 = Debug|Any CPU
		{4624A4BD-6482-454A-B311-F44B801C97B3}.Release|Any CPU.ActiveCfg = Release|Any CPU
		{4624A4BD-6482-454A-B311-F44B801C97B3}.Release|Any CPU.Build.0 = Release|Any CPU
		{2FECB1FE-D637-4E3B-806D-568CEAE234E7}.Debug|Any CPU.ActiveCfg = Debug|Any CPU
		{2FECB1FE-D637-4E3B-806D-568CEAE234E7}.Debug|Any CPU.Build.0 = Debug|Any CPU
		{2FECB1FE-D637-4E3B-806D-568CEAE234E7}.Release|Any CPU.ActiveCfg = Release|Any CPU
		{2FECB1FE-D637-4E3B-806D-568CEAE234E7}.Release|Any CPU.Build.0 = Release|Any CPU
	EndGlobalSection
	GlobalSection(SolutionProperties) = preSolution
		HideSolutionNode = FALSE
	EndGlobalSection
	GlobalSection(NestedProjects) = preSolution
		{4624A4BD-6482-454A-B311-F44B801C97B3} = {91FD0F83-6712-4285-B507-045BCE460908}
		{2FECB1FE-D637-4E3B-806D-568CEAE234E7} = {91FD0F83-6712-4285-B507-045BCE460908}
	EndGlobalSection
	GlobalSection(ExtensibilityGlobals) = postSolution
		SolutionGuid = {2385A88D-D5F5-407D-A38E-309EAE8715FB}
	EndGlobalSection
EndGlobal
