
Microsoft Visual Studio Solution File, Format Version 12.00
# Visual Studio Version 17
VisualStudioVersion = 17.0.31903.59
MinimumVisualStudioVersion = 10.0.40219.1
Project("{9A19103F-16F7-4668-BE54-9A1E7A4F7556}") = "Aikido.Zen.Core", "Aikido.Zen.Core\Aikido.Zen.Core.csproj", "{864B042D-14E5-4B78-A3A5-56C9346E59CB}"
EndProject
Project("{9A19103F-16F7-4668-BE54-9A1E7A4F7556}") = "Aikido.Zen.Tests", "Aikido.Zen.Test\Aikido.Zen.Tests.csproj", "{34D536F0-E863-41D3-B5DB-62372F25E713}"
EndProject
Project("{FAE04EC0-301F-11D3-BF4B-00C04F79EFBC}") = "Aikido.Zen.DotNetFramework", "Aikido.Zen.DotNetFramework\Aikido.Zen.DotNetFramework.csproj", "{E25D0127-765E-49E7-85E5-4B45E19499B2}"
EndProject
Project("{9A19103F-16F7-4668-BE54-9A1E7A4F7556}") = "Aikido.Zen.DotNetCore", "Aikido.Zen.DotNetCore\Aikido.Zen.DotNetCore.csproj", "{E932836E-B927-41DC-937B-3328ACE8BCC1}"
EndProject
Project("{2150E333-8FDC-42A3-9474-1A3956D46DE8}") = "Solution Items", "Solution Items", "{1FB024C6-B304-4247-ACE3-36018EF95991}"
	ProjectSection(SolutionItems) = preProject
		nuget.config = nuget.config
	EndProjectSection
EndProject
Project("{9A19103F-16F7-4668-BE54-9A1E7A4F7556}") = "Aikido.Zen.Benchmarks", "Aikido.Zen.Benchmarks\Aikido.Zen.Benchmarks.csproj", "{5979ED36-9260-43A3-95B9-7B7E859F7DDC}"
EndProject
Project("{2150E333-8FDC-42A3-9474-1A3956D46DE8}") = "e2e", "e2e", "{A8EE02FE-24BE-473C-A53F-29E4DF043105}"
EndProject
Project("{9A19103F-16F7-4668-BE54-9A1E7A4F7556}") = "Aikido.Zen.Server.Mock", "e2e\Aikido.Zen.Server.Mock\Aikido.Zen.Server.Mock.csproj", "{350D51A8-1EDA-4CA0-A289-545EC378A2CF}"
EndProject
Project("{2150E333-8FDC-42A3-9474-1A3956D46DE8}") = "sample-apps", "sample-apps", "{91FD0F83-6712-4285-B507-045BCE460908}"
EndProject
Project("{9A19103F-16F7-4668-BE54-9A1E7A4F7556}") = "DotNetCore.Sample.App", "sample-apps\DotNetCore.Sample.App\DotNetCore.Sample.App.csproj", "{4624A4BD-6482-454A-B311-F44B801C97B3}"
EndProject
Project("{FAE04EC0-301F-11D3-BF4B-00C04F79EFBC}") = "DotNetFramework.Sample.App", "sample-apps\DotNetFramework.Sample.App\DotNetFramework.Sample.App.csproj", "{2FECB1FE-D637-4E3B-806D-568CEAE234E7}"
EndProject
Project("{2150E333-8FDC-42A3-9474-1A3956D46DE8}") = "sample-apps", "sample-apps", "{2F12D7E2-3F23-469E-B94D-B36C13AC4466}"
EndProject
Project("{9A19103F-16F7-4668-BE54-9A1E7A4F7556}") = "MySqlSampleApp", "e2e\sample-apps\MySqlSampleApp\MySqlSampleApp.csproj", "{A545266D-280E-460E-9DC1-56886152F2C7}"
EndProject
Project("{9A19103F-16F7-4668-BE54-9A1E7A4F7556}") = "PostgresSampleApp", "e2e\sample-apps\PostgresSampleApp\PostgresSampleApp.csproj", "{0AE0030A-2B0D-401C-8504-7F0EC4F086AD}"
EndProject
Project("{9A19103F-16F7-4668-BE54-9A1E7A4F7556}") = "SqlServerSampleApp", "e2e\sample-apps\SqlServerSampleApp\SqlServerSampleApp.csproj", "{910A4A73-9D51-4963-B581-505496B2D22E}"
EndProject
Project("{9A19103F-16F7-4668-BE54-9A1E7A4F7556}") = "Aikido.Zen.Test.End2End", "Aikido.Zen.Test.End2End\Aikido.Zen.Test.End2End.csproj", "{9CC15A52-EB3D-4650-BEC0-F9581EF22849}"
EndProject
Project("{FAE04EC0-301F-11D3-BF4B-00C04F79EFBC}") = "SqliteSampleApp", "e2e\sample-apps\SQLiteSampleApp\SqliteSampleApp.csproj", "{4891B10D-E986-487B-A1B4-277F18EAB185}"
EndProject
Project("{FAE04EC0-301F-11D3-BF4B-00C04F79EFBC}") = "SampleApp.Common", "SampleApp.Common\SampleApp.Common.csproj", "{94D50DC6-1261-45D4-BFC7-FA003BB053B4}"
EndProject
Project("{FAE04EC0-301F-11D3-BF4B-00C04F79EFBC}") = "UmbracoSampleApp", "e2e\sample-apps\UmbracoSampleApp\UmbracoSampleApp.csproj", "{6E200EFE-8EBC-4226-A340-EB65D3CA0AEC}"
EndProject
Project("{FAE04EC0-301F-11D3-BF4B-00C04F79EFBC}") = "Aikido.Zen.Tests.DotNetFramework", "Aikido.Zen.Tests.DotNetFramework\Aikido.Zen.Tests.DotNetFramework.csproj", "{8EB5DD53-9E86-47B5-8E4F-96D3D4D45B71}"
EndProject
Project("{FAE04EC0-301F-11D3-BF4B-00C04F79EFBC}") = "Aikido.Zen.Tests.DotNetCore", "Aikido.Zen.Tests.DotNetCore\Aikido.Zen.Tests.DotNetCore.csproj", "{A778053F-B458-4764-A967-C54EB05C70FE}"
EndProject
Project("{FAE04EC0-301F-11D3-BF4B-00C04F79EFBC}") = "Aikido.Zen.Tests.Mocks", "Aikido.Zen.Tests.Mocks\Aikido.Zen.Tests.Mocks.csproj", "{E9404338-175F-49B6-81FA-55ACBF93F1DE}"
EndProject
Project("{FAE04EC0-301F-11D3-BF4B-00C04F79EFBC}") = "EFCoreSqliteSampleApp", "e2e\sample-apps\EFCoreSqliteSampleApp\EFCoreSqliteSampleApp.csproj", "{5D8FB1C2-40DD-4253-9338-3BA7B3184CFA}"
EndProject
Project("{FAE04EC0-301F-11D3-BF4B-00C04F79EFBC}") = "NewRelicSampleApp", "e2e\sample-apps\NewRelicSampleApp\NewRelicSampleApp.csproj", "{B0C72C89-2962-46EA-83CD-5726FD23914A}"
EndProject
Global
	GlobalSection(SolutionConfigurationPlatforms) = preSolution
		Debug|Any CPU = Debug|Any CPU
		Release|Any CPU = Release|Any CPU
	EndGlobalSection
	GlobalSection(ProjectConfigurationPlatforms) = postSolution
		{864B042D-14E5-4B78-A3A5-56C9346E59CB}.Debug|Any CPU.ActiveCfg = Debug|Any CPU
		{864B042D-14E5-4B78-A3A5-56C9346E59CB}.Debug|Any CPU.Build.0 = Debug|Any CPU
		{864B042D-14E5-4B78-A3A5-56C9346E59CB}.Release|Any CPU.ActiveCfg = Release|Any CPU
		{864B042D-14E5-4B78-A3A5-56C9346E59CB}.Release|Any CPU.Build.0 = Release|Any CPU
		{34D536F0-E863-41D3-B5DB-62372F25E713}.Debug|Any CPU.ActiveCfg = Debug|Any CPU
		{34D536F0-E863-41D3-B5DB-62372F25E713}.Debug|Any CPU.Build.0 = Debug|Any CPU
		{34D536F0-E863-41D3-B5DB-62372F25E713}.Release|Any CPU.ActiveCfg = Release|Any CPU
		{34D536F0-E863-41D3-B5DB-62372F25E713}.Release|Any CPU.Build.0 = Release|Any CPU
		{E25D0127-765E-49E7-85E5-4B45E19499B2}.Debug|Any CPU.ActiveCfg = Debug|Any CPU
		{E25D0127-765E-49E7-85E5-4B45E19499B2}.Debug|Any CPU.Build.0 = Debug|Any CPU
		{E25D0127-765E-49E7-85E5-4B45E19499B2}.Release|Any CPU.ActiveCfg = Release|Any CPU
		{E25D0127-765E-49E7-85E5-4B45E19499B2}.Release|Any CPU.Build.0 = Release|Any CPU
		{E932836E-B927-41DC-937B-3328ACE8BCC1}.Debug|Any CPU.ActiveCfg = Debug|Any CPU
		{E932836E-B927-41DC-937B-3328ACE8BCC1}.Debug|Any CPU.Build.0 = Debug|Any CPU
		{E932836E-B927-41DC-937B-3328ACE8BCC1}.Release|Any CPU.ActiveCfg = Release|Any CPU
		{E932836E-B927-41DC-937B-3328ACE8BCC1}.Release|Any CPU.Build.0 = Release|Any CPU
		{5979ED36-9260-43A3-95B9-7B7E859F7DDC}.Debug|Any CPU.ActiveCfg = Debug|Any CPU
		{5979ED36-9260-43A3-95B9-7B7E859F7DDC}.Debug|Any CPU.Build.0 = Debug|Any CPU
		{5979ED36-9260-43A3-95B9-7B7E859F7DDC}.Release|Any CPU.ActiveCfg = Release|Any CPU
		{5979ED36-9260-43A3-95B9-7B7E859F7DDC}.Release|Any CPU.Build.0 = Release|Any CPU
		{350D51A8-1EDA-4CA0-A289-545EC378A2CF}.Debug|Any CPU.ActiveCfg = Debug|Any CPU
		{350D51A8-1EDA-4CA0-A289-545EC378A2CF}.Debug|Any CPU.Build.0 = Debug|Any CPU
		{350D51A8-1EDA-4CA0-A289-545EC378A2CF}.Release|Any CPU.ActiveCfg = Release|Any CPU
		{350D51A8-1EDA-4CA0-A289-545EC378A2CF}.Release|Any CPU.Build.0 = Release|Any CPU
		{4624A4BD-6482-454A-B311-F44B801C97B3}.Debug|Any CPU.ActiveCfg = Debug|Any CPU
		{4624A4BD-6482-454A-B311-F44B801C97B3}.Debug|Any CPU.Build.0 = Debug|Any CPU
		{4624A4BD-6482-454A-B311-F44B801C97B3}.Release|Any CPU.ActiveCfg = Release|Any CPU
		{4624A4BD-6482-454A-B311-F44B801C97B3}.Release|Any CPU.Build.0 = Release|Any CPU
		{2FECB1FE-D637-4E3B-806D-568CEAE234E7}.Debug|Any CPU.ActiveCfg = Debug|Any CPU
		{2FECB1FE-D637-4E3B-806D-568CEAE234E7}.Debug|Any CPU.Build.0 = Debug|Any CPU
		{2FECB1FE-D637-4E3B-806D-568CEAE234E7}.Release|Any CPU.ActiveCfg = Release|Any CPU
		{2FECB1FE-D637-4E3B-806D-568CEAE234E7}.Release|Any CPU.Build.0 = Release|Any CPU
		{A545266D-280E-460E-9DC1-56886152F2C7}.Debug|Any CPU.ActiveCfg = Debug|Any CPU
		{A545266D-280E-460E-9DC1-56886152F2C7}.Debug|Any CPU.Build.0 = Debug|Any CPU
		{A545266D-280E-460E-9DC1-56886152F2C7}.Release|Any CPU.ActiveCfg = Release|Any CPU
		{A545266D-280E-460E-9DC1-56886152F2C7}.Release|Any CPU.Build.0 = Release|Any CPU
		{0AE0030A-2B0D-401C-8504-7F0EC4F086AD}.Debug|Any CPU.ActiveCfg = Debug|Any CPU
		{0AE0030A-2B0D-401C-8504-7F0EC4F086AD}.Debug|Any CPU.Build.0 = Debug|Any CPU
		{0AE0030A-2B0D-401C-8504-7F0EC4F086AD}.Release|Any CPU.ActiveCfg = Release|Any CPU
		{0AE0030A-2B0D-401C-8504-7F0EC4F086AD}.Release|Any CPU.Build.0 = Release|Any CPU
		{910A4A73-9D51-4963-B581-505496B2D22E}.Debug|Any CPU.ActiveCfg = Debug|Any CPU
		{910A4A73-9D51-4963-B581-505496B2D22E}.Debug|Any CPU.Build.0 = Debug|Any CPU
		{910A4A73-9D51-4963-B581-505496B2D22E}.Release|Any CPU.ActiveCfg = Release|Any CPU
		{910A4A73-9D51-4963-B581-505496B2D22E}.Release|Any CPU.Build.0 = Release|Any CPU
		{9CC15A52-EB3D-4650-BEC0-F9581EF22849}.Debug|Any CPU.ActiveCfg = Debug|Any CPU
		{9CC15A52-EB3D-4650-BEC0-F9581EF22849}.Debug|Any CPU.Build.0 = Debug|Any CPU
		{9CC15A52-EB3D-4650-BEC0-F9581EF22849}.Release|Any CPU.ActiveCfg = Release|Any CPU
		{9CC15A52-EB3D-4650-BEC0-F9581EF22849}.Release|Any CPU.Build.0 = Release|Any CPU
		{4891B10D-E986-487B-A1B4-277F18EAB185}.Debug|Any CPU.ActiveCfg = Debug|Any CPU
		{4891B10D-E986-487B-A1B4-277F18EAB185}.Debug|Any CPU.Build.0 = Debug|Any CPU
		{4891B10D-E986-487B-A1B4-277F18EAB185}.Release|Any CPU.ActiveCfg = Release|Any CPU
		{4891B10D-E986-487B-A1B4-277F18EAB185}.Release|Any CPU.Build.0 = Release|Any CPU
		{94D50DC6-1261-45D4-BFC7-FA003BB053B4}.Debug|Any CPU.ActiveCfg = Debug|Any CPU
		{94D50DC6-1261-45D4-BFC7-FA003BB053B4}.Debug|Any CPU.Build.0 = Debug|Any CPU
		{94D50DC6-1261-45D4-BFC7-FA003BB053B4}.Release|Any CPU.ActiveCfg = Release|Any CPU
		{94D50DC6-1261-45D4-BFC7-FA003BB053B4}.Release|Any CPU.Build.0 = Release|Any CPU
		{6E200EFE-8EBC-4226-A340-EB65D3CA0AEC}.Debug|Any CPU.ActiveCfg = Debug|Any CPU
		{6E200EFE-8EBC-4226-A340-EB65D3CA0AEC}.Debug|Any CPU.Build.0 = Debug|Any CPU
		{6E200EFE-8EBC-4226-A340-EB65D3CA0AEC}.Release|Any CPU.ActiveCfg = Release|Any CPU
		{6E200EFE-8EBC-4226-A340-EB65D3CA0AEC}.Release|Any CPU.Build.0 = Release|Any CPU
		{8EB5DD53-9E86-47B5-8E4F-96D3D4D45B71}.Debug|Any CPU.ActiveCfg = Debug|Any CPU
		{8EB5DD53-9E86-47B5-8E4F-96D3D4D45B71}.Debug|Any CPU.Build.0 = Debug|Any CPU
		{8EB5DD53-9E86-47B5-8E4F-96D3D4D45B71}.Release|Any CPU.ActiveCfg = Release|Any CPU
		{8EB5DD53-9E86-47B5-8E4F-96D3D4D45B71}.Release|Any CPU.Build.0 = Release|Any CPU
		{A778053F-B458-4764-A967-C54EB05C70FE}.Debug|Any CPU.ActiveCfg = Debug|Any CPU
		{A778053F-B458-4764-A967-C54EB05C70FE}.Debug|Any CPU.Build.0 = Debug|Any CPU
		{A778053F-B458-4764-A967-C54EB05C70FE}.Release|Any CPU.ActiveCfg = Release|Any CPU
		{A778053F-B458-4764-A967-C54EB05C70FE}.Release|Any CPU.Build.0 = Release|Any CPU
		{E9404338-175F-49B6-81FA-55ACBF93F1DE}.Debug|Any CPU.ActiveCfg = Debug|Any CPU
		{E9404338-175F-49B6-81FA-55ACBF93F1DE}.Debug|Any CPU.Build.0 = Debug|Any CPU
		{E9404338-175F-49B6-81FA-55ACBF93F1DE}.Release|Any CPU.ActiveCfg = Release|Any CPU
		{E9404338-175F-49B6-81FA-55ACBF93F1DE}.Release|Any CPU.Build.0 = Release|Any CPU
		{5D8FB1C2-40DD-4253-9338-3BA7B3184CFA}.Debug|Any CPU.ActiveCfg = Debug|Any CPU
		{5D8FB1C2-40DD-4253-9338-3BA7B3184CFA}.Debug|Any CPU.Build.0 = Debug|Any CPU
		{5D8FB1C2-40DD-4253-9338-3BA7B3184CFA}.Release|Any CPU.ActiveCfg = Release|Any CPU
		{5D8FB1C2-40DD-4253-9338-3BA7B3184CFA}.Release|Any CPU.Build.0 = Release|Any CPU
		{B0C72C89-2962-46EA-83CD-5726FD23914A}.Debug|Any CPU.ActiveCfg = Debug|Any CPU
		{B0C72C89-2962-46EA-83CD-5726FD23914A}.Debug|Any CPU.Build.0 = Debug|Any CPU
		{B0C72C89-2962-46EA-83CD-5726FD23914A}.Release|Any CPU.ActiveCfg = Release|Any CPU
		{B0C72C89-2962-46EA-83CD-5726FD23914A}.Release|Any CPU.Build.0 = Release|Any CPU
	EndGlobalSection
	GlobalSection(SolutionProperties) = preSolution
		HideSolutionNode = FALSE
	EndGlobalSection
	GlobalSection(NestedProjects) = preSolution
		{350D51A8-1EDA-4CA0-A289-545EC378A2CF} = {A8EE02FE-24BE-473C-A53F-29E4DF043105}
		{4624A4BD-6482-454A-B311-F44B801C97B3} = {91FD0F83-6712-4285-B507-045BCE460908}
		{2FECB1FE-D637-4E3B-806D-568CEAE234E7} = {91FD0F83-6712-4285-B507-045BCE460908}
		{2F12D7E2-3F23-469E-B94D-B36C13AC4466} = {A8EE02FE-24BE-473C-A53F-29E4DF043105}
		{A545266D-280E-460E-9DC1-56886152F2C7} = {2F12D7E2-3F23-469E-B94D-B36C13AC4466}
		{0AE0030A-2B0D-401C-8504-7F0EC4F086AD} = {2F12D7E2-3F23-469E-B94D-B36C13AC4466}
		{910A4A73-9D51-4963-B581-505496B2D22E} = {2F12D7E2-3F23-469E-B94D-B36C13AC4466}
		{9CC15A52-EB3D-4650-BEC0-F9581EF22849} = {A8EE02FE-24BE-473C-A53F-29E4DF043105}
		{4891B10D-E986-487B-A1B4-277F18EAB185} = {2F12D7E2-3F23-469E-B94D-B36C13AC4466}
		{94D50DC6-1261-45D4-BFC7-FA003BB053B4} = {2F12D7E2-3F23-469E-B94D-B36C13AC4466}
		{6E200EFE-8EBC-4226-A340-EB65D3CA0AEC} = {2F12D7E2-3F23-469E-B94D-B36C13AC4466}
		{5D8FB1C2-40DD-4253-9338-3BA7B3184CFA} = {2F12D7E2-3F23-469E-B94D-B36C13AC4466}
		{B0C72C89-2962-46EA-83CD-5726FD23914A} = {2F12D7E2-3F23-469E-B94D-B36C13AC4466}
	EndGlobalSection
	GlobalSection(ExtensibilityGlobals) = postSolution
		SolutionGuid = {2385A88D-D5F5-407D-A38E-309EAE8715FB}
	EndGlobalSection
EndGlobal
